// !$*UTF8*$!
{
	archiveVersion = 1;
	classes = {
	};
	objectVersion = 56;
	objects = {

/* Begin PBXBuildFile section */
		C6827D3B2A175FDE00D36E86 /* AppDelegate.swift in Sources */ = {isa = PBXBuildFile; fileRef = C6827D3A2A175FDE00D36E86 /* AppDelegate.swift */; };
		C6827D3F2A175FDE00D36E86 /* AllChanellsViewController.swift in Sources */ = {isa = PBXBuildFile; fileRef = C6827D3E2A175FDE00D36E86 /* AllChanellsViewController.swift */; };
		C6827D422A175FDE00D36E86 /* Main.storyboard in Resources */ = {isa = PBXBuildFile; fileRef = C6827D402A175FDE00D36E86 /* Main.storyboard */; };
		C6827D472A175FDF00D36E86 /* Assets.xcassets in Resources */ = {isa = PBXBuildFile; fileRef = C6827D462A175FDF00D36E86 /* Assets.xcassets */; };
		C6827D4A2A175FDF00D36E86 /* LaunchScreen.storyboard in Resources */ = {isa = PBXBuildFile; fileRef = C6827D482A175FDF00D36E86 /* LaunchScreen.storyboard */; };
		C6827D562A1764EE00D36E86 /* TvChannelTableViewCell.swift in Sources */ = {isa = PBXBuildFile; fileRef = C6827D542A1764EE00D36E86 /* TvChannelTableViewCell.swift */; };
		C6827D572A1764EE00D36E86 /* TvChannelTableViewCell.xib in Resources */ = {isa = PBXBuildFile; fileRef = C6827D552A1764EE00D36E86 /* TvChannelTableViewCell.xib */; };
		C6827D5C2A176BD900D36E86 /* RequestManager.swift in Sources */ = {isa = PBXBuildFile; fileRef = C6827D5B2A176BD900D36E86 /* RequestManager.swift */; };
		C6827D5F2A176FE800D36E86 /* Constants.swift in Sources */ = {isa = PBXBuildFile; fileRef = C6827D5E2A176FE800D36E86 /* Constants.swift */; };
		C6827D622A1771F200D36E86 /* CommonTextField.swift in Sources */ = {isa = PBXBuildFile; fileRef = C6827D612A1771F200D36E86 /* CommonTextField.swift */; };
		C6827D652A177E8B00D36E86 /* ChannelModel.swift in Sources */ = {isa = PBXBuildFile; fileRef = C6827D642A177E8B00D36E86 /* ChannelModel.swift */; };
		C6827D682A17820900D36E86 /* UIImageView+Extension.swift in Sources */ = {isa = PBXBuildFile; fileRef = C6827D672A17820900D36E86 /* UIImageView+Extension.swift */; };
		C6827D6C2A1794B800D36E86 /* VideoViewController.swift in Sources */ = {isa = PBXBuildFile; fileRef = C6827D6B2A1794B800D36E86 /* VideoViewController.swift */; };
		C6827D6E2A17994000D36E86 /* GradientProgressBar.swift in Sources */ = {isa = PBXBuildFile; fileRef = C6827D6D2A17994000D36E86 /* GradientProgressBar.swift */; };
		C6827D752A17B98C00D36E86 /* PlayerView.swift in Sources */ = {isa = PBXBuildFile; fileRef = C6827D742A17B98C00D36E86 /* PlayerView.swift */; };
		C6827D772A17B9B700D36E86 /* VideoPlayer.swift in Sources */ = {isa = PBXBuildFile; fileRef = C6827D762A17B9B700D36E86 /* VideoPlayer.swift */; };
/* End PBXBuildFile section */

/* Begin PBXFileReference section */
		C6827D372A175FDE00D36E86 /* TVPlayer.app */ = {isa = PBXFileReference; explicitFileType = wrapper.application; includeInIndex = 0; path = TVPlayer.app; sourceTree = BUILT_PRODUCTS_DIR; };
		C6827D3A2A175FDE00D36E86 /* AppDelegate.swift */ = {isa = PBXFileReference; lastKnownFileType = sourcecode.swift; path = AppDelegate.swift; sourceTree = "<group>"; };
		C6827D3E2A175FDE00D36E86 /* AllChanellsViewController.swift */ = {isa = PBXFileReference; lastKnownFileType = sourcecode.swift; path = AllChanellsViewController.swift; sourceTree = "<group>"; };
		C6827D412A175FDE00D36E86 /* Base */ = {isa = PBXFileReference; lastKnownFileType = file.storyboard; name = Base; path = Base.lproj/Main.storyboard; sourceTree = "<group>"; };
		C6827D462A175FDF00D36E86 /* Assets.xcassets */ = {isa = PBXFileReference; lastKnownFileType = folder.assetcatalog; path = Assets.xcassets; sourceTree = "<group>"; };
		C6827D492A175FDF00D36E86 /* Base */ = {isa = PBXFileReference; lastKnownFileType = file.storyboard; name = Base; path = Base.lproj/LaunchScreen.storyboard; sourceTree = "<group>"; };
		C6827D4B2A175FDF00D36E86 /* Info.plist */ = {isa = PBXFileReference; lastKnownFileType = text.plist.xml; path = Info.plist; sourceTree = "<group>"; };
		C6827D542A1764EE00D36E86 /* TvChannelTableViewCell.swift */ = {isa = PBXFileReference; lastKnownFileType = sourcecode.swift; path = TvChannelTableViewCell.swift; sourceTree = "<group>"; };
		C6827D552A1764EE00D36E86 /* TvChannelTableViewCell.xib */ = {isa = PBXFileReference; lastKnownFileType = file.xib; path = TvChannelTableViewCell.xib; sourceTree = "<group>"; };
		C6827D5B2A176BD900D36E86 /* RequestManager.swift */ = {isa = PBXFileReference; lastKnownFileType = sourcecode.swift; path = RequestManager.swift; sourceTree = "<group>"; };
		C6827D5E2A176FE800D36E86 /* Constants.swift */ = {isa = PBXFileReference; lastKnownFileType = sourcecode.swift; path = Constants.swift; sourceTree = "<group>"; };
		C6827D612A1771F200D36E86 /* CommonTextField.swift */ = {isa = PBXFileReference; lastKnownFileType = sourcecode.swift; path = CommonTextField.swift; sourceTree = "<group>"; };
		C6827D642A177E8B00D36E86 /* ChannelModel.swift */ = {isa = PBXFileReference; lastKnownFileType = sourcecode.swift; path = ChannelModel.swift; sourceTree = "<group>"; };
		C6827D672A17820900D36E86 /* UIImageView+Extension.swift */ = {isa = PBXFileReference; lastKnownFileType = sourcecode.swift; path = "UIImageView+Extension.swift"; sourceTree = "<group>"; };
		C6827D6B2A1794B800D36E86 /* VideoViewController.swift */ = {isa = PBXFileReference; lastKnownFileType = sourcecode.swift; path = VideoViewController.swift; sourceTree = "<group>"; };
		C6827D6D2A17994000D36E86 /* GradientProgressBar.swift */ = {isa = PBXFileReference; lastKnownFileType = sourcecode.swift; path = GradientProgressBar.swift; sourceTree = "<group>"; };
		C6827D742A17B98C00D36E86 /* PlayerView.swift */ = {isa = PBXFileReference; lastKnownFileType = sourcecode.swift; path = PlayerView.swift; sourceTree = "<group>"; };
		C6827D762A17B9B700D36E86 /* VideoPlayer.swift */ = {isa = PBXFileReference; lastKnownFileType = sourcecode.swift; path = VideoPlayer.swift; sourceTree = "<group>"; };
/* End PBXFileReference section */

/* Begin PBXFrameworksBuildPhase section */
		C6827D342A175FDE00D36E86 /* Frameworks */ = {
			isa = PBXFrameworksBuildPhase;
			buildActionMask = 2147483647;
			files = (
			);
			runOnlyForDeploymentPostprocessing = 0;
		};
/* End PBXFrameworksBuildPhase section */

/* Begin PBXGroup section */
		C6827D2E2A175FDE00D36E86 = {
			isa = PBXGroup;
			children = (
				C6827D392A175FDE00D36E86 /* TVPlayer */,
				C6827D382A175FDE00D36E86 /* Products */,
			);
			sourceTree = "<group>";
		};
		C6827D382A175FDE00D36E86 /* Products */ = {
			isa = PBXGroup;
			children = (
				C6827D372A175FDE00D36E86 /* TVPlayer.app */,
			);
			name = Products;
			sourceTree = "<group>";
		};
		C6827D392A175FDE00D36E86 /* TVPlayer */ = {
			isa = PBXGroup;
			children = (
				C6827D632A177E8300D36E86 /* Model */,
				C6827D5A2A176BCB00D36E86 /* RequestManager */,
				C6827D512A175FFF00D36E86 /* Configurations */,
				C6827D532A17601C00D36E86 /* ViewController */,
				C6827D522A17601400D36E86 /* StoryBoards */,
				C6827D5D2A176FE000D36E86 /* Resources */,
				C6827D602A1771E500D36E86 /* Utils */,
				C6827D4B2A175FDF00D36E86 /* Info.plist */,
			);
			path = TVPlayer;
			sourceTree = "<group>";
		};
		C6827D512A175FFF00D36E86 /* Configurations */ = {
			isa = PBXGroup;
			children = (
				C6827D3A2A175FDE00D36E86 /* AppDelegate.swift */,
			);
			path = Configurations;
			sourceTree = "<group>";
		};
		C6827D522A17601400D36E86 /* StoryBoards */ = {
			isa = PBXGroup;
			children = (
				C6827D402A175FDE00D36E86 /* Main.storyboard */,
				C6827D482A175FDF00D36E86 /* LaunchScreen.storyboard */,
			);
			path = StoryBoards;
			sourceTree = "<group>";
		};
		C6827D532A17601C00D36E86 /* ViewController */ = {
			isa = PBXGroup;
			children = (
				C6827D6A2A17949600D36E86 /* AllChanels */,
			);
			path = ViewController;
			sourceTree = "<group>";
		};
		C6827D582A1764F300D36E86 /* TvChannelCell */ = {
			isa = PBXGroup;
			children = (
				C6827D542A1764EE00D36E86 /* TvChannelTableViewCell.swift */,
				C6827D552A1764EE00D36E86 /* TvChannelTableViewCell.xib */,
			);
			path = TvChannelCell;
			sourceTree = "<group>";
		};
		C6827D5A2A176BCB00D36E86 /* RequestManager */ = {
			isa = PBXGroup;
			children = (
				C6827D5B2A176BD900D36E86 /* RequestManager.swift */,
			);
			path = RequestManager;
			sourceTree = "<group>";
		};
		C6827D5D2A176FE000D36E86 /* Resources */ = {
			isa = PBXGroup;
			children = (
				C6827D462A175FDF00D36E86 /* Assets.xcassets */,
				C6827D5E2A176FE800D36E86 /* Constants.swift */,
			);
			path = Resources;
			sourceTree = "<group>";
		};
		C6827D602A1771E500D36E86 /* Utils */ = {
			isa = PBXGroup;
			children = (
				C6827D662A1781F700D36E86 /* CommonUI */,
				C6827D692A17821400D36E86 /* Extensions */,
				C6827D782A17BE7100D36E86 /* VideoPlayer */,
			);
			path = Utils;
			sourceTree = "<group>";
		};
		C6827D632A177E8300D36E86 /* Model */ = {
			isa = PBXGroup;
			children = (
				C6827D642A177E8B00D36E86 /* ChannelModel.swift */,
			);
			path = Model;
			sourceTree = "<group>";
		};
		C6827D662A1781F700D36E86 /* CommonUI */ = {
			isa = PBXGroup;
			children = (
				C6827D612A1771F200D36E86 /* CommonTextField.swift */,
				C6827D6D2A17994000D36E86 /* GradientProgressBar.swift */,
			);
			path = CommonUI;
			sourceTree = "<group>";
		};
		C6827D692A17821400D36E86 /* Extensions */ = {
			isa = PBXGroup;
			children = (
				C6827D672A17820900D36E86 /* UIImageView+Extension.swift */,
			);
			path = Extensions;
			sourceTree = "<group>";
		};
		C6827D6A2A17949600D36E86 /* AllChanels */ = {
			isa = PBXGroup;
			children = (
				C6827D582A1764F300D36E86 /* TvChannelCell */,
				C6827D3E2A175FDE00D36E86 /* AllChanellsViewController.swift */,
				C6827D6B2A1794B800D36E86 /* VideoViewController.swift */,
			);
			path = AllChanels;
			sourceTree = "<group>";
		};
		C6827D782A17BE7100D36E86 /* VideoPlayer */ = {
			isa = PBXGroup;
			children = (
				C6827D742A17B98C00D36E86 /* PlayerView.swift */,
				C6827D762A17B9B700D36E86 /* VideoPlayer.swift */,
			);
			path = VideoPlayer;
			sourceTree = "<group>";
		};
/* End PBXGroup section */

/* Begin PBXNativeTarget section */
		C6827D362A175FDE00D36E86 /* TVPlayer */ = {
			isa = PBXNativeTarget;
			buildConfigurationList = C6827D4E2A175FDF00D36E86 /* Build configuration list for PBXNativeTarget "TVPlayer" */;
			buildPhases = (
				C6827D332A175FDE00D36E86 /* Sources */,
				C6827D342A175FDE00D36E86 /* Frameworks */,
				C6827D352A175FDE00D36E86 /* Resources */,
			);
			buildRules = (
			);
			dependencies = (
			);
			name = TVPlayer;
			productName = TVPlayer;
			productReference = C6827D372A175FDE00D36E86 /* TVPlayer.app */;
			productType = "com.apple.product-type.application";
		};
/* End PBXNativeTarget section */

/* Begin PBXProject section */
		C6827D2F2A175FDE00D36E86 /* Project object */ = {
			isa = PBXProject;
			attributes = {
				BuildIndependentTargetsInParallel = 1;
				LastSwiftUpdateCheck = 1430;
				LastUpgradeCheck = 1430;
				TargetAttributes = {
					C6827D362A175FDE00D36E86 = {
						CreatedOnToolsVersion = 14.3;
					};
				};
			};
			buildConfigurationList = C6827D322A175FDE00D36E86 /* Build configuration list for PBXProject "TVPlayer" */;
			compatibilityVersion = "Xcode 14.0";
			developmentRegion = en;
			hasScannedForEncodings = 0;
			knownRegions = (
				en,
				Base,
			);
			mainGroup = C6827D2E2A175FDE00D36E86;
			productRefGroup = C6827D382A175FDE00D36E86 /* Products */;
			projectDirPath = "";
			projectRoot = "";
			targets = (
				C6827D362A175FDE00D36E86 /* TVPlayer */,
			);
		};
/* End PBXProject section */

/* Begin PBXResourcesBuildPhase section */
		C6827D352A175FDE00D36E86 /* Resources */ = {
			isa = PBXResourcesBuildPhase;
			buildActionMask = 2147483647;
			files = (
				C6827D4A2A175FDF00D36E86 /* LaunchScreen.storyboard in Resources */,
				C6827D572A1764EE00D36E86 /* TvChannelTableViewCell.xib in Resources */,
				C6827D472A175FDF00D36E86 /* Assets.xcassets in Resources */,
				C6827D422A175FDE00D36E86 /* Main.storyboard in Resources */,
			);
			runOnlyForDeploymentPostprocessing = 0;
		};
/* End PBXResourcesBuildPhase section */

/* Begin PBXSourcesBuildPhase section */
		C6827D332A175FDE00D36E86 /* Sources */ = {
			isa = PBXSourcesBuildPhase;
			buildActionMask = 2147483647;
			files = (
				C6827D6E2A17994000D36E86 /* GradientProgressBar.swift in Sources */,
				C6827D682A17820900D36E86 /* UIImageView+Extension.swift in Sources */,
				C6827D562A1764EE00D36E86 /* TvChannelTableViewCell.swift in Sources */,
				C6827D752A17B98C00D36E86 /* PlayerView.swift in Sources */,
				C6827D6C2A1794B800D36E86 /* VideoViewController.swift in Sources */,
				C6827D622A1771F200D36E86 /* CommonTextField.swift in Sources */,
				C6827D3F2A175FDE00D36E86 /* AllChanellsViewController.swift in Sources */,
				C6827D5C2A176BD900D36E86 /* RequestManager.swift in Sources */,
				C6827D772A17B9B700D36E86 /* VideoPlayer.swift in Sources */,
				C6827D5F2A176FE800D36E86 /* Constants.swift in Sources */,
				C6827D3B2A175FDE00D36E86 /* AppDelegate.swift in Sources */,
				C6827D652A177E8B00D36E86 /* ChannelModel.swift in Sources */,
			);
			runOnlyForDeploymentPostprocessing = 0;
		};
/* End PBXSourcesBuildPhase section */

/* Begin PBXVariantGroup section */
		C6827D402A175FDE00D36E86 /* Main.storyboard */ = {
			isa = PBXVariantGroup;
			children = (
				C6827D412A175FDE00D36E86 /* Base */,
			);
			name = Main.storyboard;
			sourceTree = "<group>";
		};
		C6827D482A175FDF00D36E86 /* LaunchScreen.storyboard */ = {
			isa = PBXVariantGroup;
			children = (
				C6827D492A175FDF00D36E86 /* Base */,
			);
			name = LaunchScreen.storyboard;
			sourceTree = "<group>";
		};
/* End PBXVariantGroup section */

/* Begin XCBuildConfiguration section */
		C6827D4C2A175FDF00D36E86 /* Debug */ = {
			isa = XCBuildConfiguration;
			buildSettings = {
				ALWAYS_SEARCH_USER_PATHS = NO;
				CLANG_ANALYZER_NONNULL = YES;
				CLANG_ANALYZER_NUMBER_OBJECT_CONVERSION = YES_AGGRESSIVE;
				CLANG_CXX_LANGUAGE_STANDARD = "gnu++20";
				CLANG_ENABLE_MODULES = YES;
				CLANG_ENABLE_OBJC_ARC = YES;
				CLANG_ENABLE_OBJC_WEAK = YES;
				CLANG_WARN_BLOCK_CAPTURE_AUTORELEASING = YES;
				CLANG_WARN_BOOL_CONVERSION = YES;
				CLANG_WARN_COMMA = YES;
				CLANG_WARN_CONSTANT_CONVERSION = YES;
				CLANG_WARN_DEPRECATED_OBJC_IMPLEMENTATIONS = YES;
				CLANG_WARN_DIRECT_OBJC_ISA_USAGE = YES_ERROR;
				CLANG_WARN_DOCUMENTATION_COMMENTS = YES;
				CLANG_WARN_EMPTY_BODY = YES;
				CLANG_WARN_ENUM_CONVERSION = YES;
				CLANG_WARN_INFINITE_RECURSION = YES;
				CLANG_WARN_INT_CONVERSION = YES;
				CLANG_WARN_NON_LITERAL_NULL_CONVERSION = YES;
				CLANG_WARN_OBJC_IMPLICIT_RETAIN_SELF = YES;
				CLANG_WARN_OBJC_LITERAL_CONVERSION = YES;
				CLANG_WARN_OBJC_ROOT_CLASS = YES_ERROR;
				CLANG_WARN_QUOTED_INCLUDE_IN_FRAMEWORK_HEADER = YES;
				CLANG_WARN_RANGE_LOOP_ANALYSIS = YES;
				CLANG_WARN_STRICT_PROTOTYPES = YES;
				CLANG_WARN_SUSPICIOUS_MOVE = YES;
				CLANG_WARN_UNGUARDED_AVAILABILITY = YES_AGGRESSIVE;
				CLANG_WARN_UNREACHABLE_CODE = YES;
				CLANG_WARN__DUPLICATE_METHOD_MATCH = YES;
				COPY_PHASE_STRIP = NO;
				DEBUG_INFORMATION_FORMAT = dwarf;
				ENABLE_STRICT_OBJC_MSGSEND = YES;
				ENABLE_TESTABILITY = YES;
				GCC_C_LANGUAGE_STANDARD = gnu11;
				GCC_DYNAMIC_NO_PIC = NO;
				GCC_NO_COMMON_BLOCKS = YES;
				GCC_OPTIMIZATION_LEVEL = 0;
				GCC_PREPROCESSOR_DEFINITIONS = (
					"DEBUG=1",
					"$(inherited)",
				);
				GCC_WARN_64_TO_32_BIT_CONVERSION = YES;
				GCC_WARN_ABOUT_RETURN_TYPE = YES_ERROR;
				GCC_WARN_UNDECLARED_SELECTOR = YES;
				GCC_WARN_UNINITIALIZED_AUTOS = YES_AGGRESSIVE;
				GCC_WARN_UNUSED_FUNCTION = YES;
				GCC_WARN_UNUSED_VARIABLE = YES;
				IPHONEOS_DEPLOYMENT_TARGET = 16.4;
				MTL_ENABLE_DEBUG_INFO = INCLUDE_SOURCE;
				MTL_FAST_MATH = YES;
				ONLY_ACTIVE_ARCH = YES;
				SDKROOT = iphoneos;
				SWIFT_ACTIVE_COMPILATION_CONDITIONS = DEBUG;
				SWIFT_OPTIMIZATION_LEVEL = "-Onone";
			};
			name = Debug;
		};
		C6827D4D2A175FDF00D36E86 /* Release */ = {
			isa = XCBuildConfiguration;
			buildSettings = {
				ALWAYS_SEARCH_USER_PATHS = NO;
				CLANG_ANALYZER_NONNULL = YES;
				CLANG_ANALYZER_NUMBER_OBJECT_CONVERSION = YES_AGGRESSIVE;
				CLANG_CXX_LANGUAGE_STANDARD = "gnu++20";
				CLANG_ENABLE_MODULES = YES;
				CLANG_ENABLE_OBJC_ARC = YES;
				CLANG_ENABLE_OBJC_WEAK = YES;
				CLANG_WARN_BLOCK_CAPTURE_AUTORELEASING = YES;
				CLANG_WARN_BOOL_CONVERSION = YES;
				CLANG_WARN_COMMA = YES;
				CLANG_WARN_CONSTANT_CONVERSION = YES;
				CLANG_WARN_DEPRECATED_OBJC_IMPLEMENTATIONS = YES;
				CLANG_WARN_DIRECT_OBJC_ISA_USAGE = YES_ERROR;
				CLANG_WARN_DOCUMENTATION_COMMENTS = YES;
				CLANG_WARN_EMPTY_BODY = YES;
				CLANG_WARN_ENUM_CONVERSION = YES;
				CLANG_WARN_INFINITE_RECURSION = YES;
				CLANG_WARN_INT_CONVERSION = YES;
				CLANG_WARN_NON_LITERAL_NULL_CONVERSION = YES;
				CLANG_WARN_OBJC_IMPLICIT_RETAIN_SELF = YES;
				CLANG_WARN_OBJC_LITERAL_CONVERSION = YES;
				CLANG_WARN_OBJC_ROOT_CLASS = YES_ERROR;
				CLANG_WARN_QUOTED_INCLUDE_IN_FRAMEWORK_HEADER = YES;
				CLANG_WARN_RANGE_LOOP_ANALYSIS = YES;
				CLANG_WARN_STRICT_PROTOTYPES = YES;
				CLANG_WARN_SUSPICIOUS_MOVE = YES;
				CLANG_WARN_UNGUARDED_AVAILABILITY = YES_AGGRESSIVE;
				CLANG_WARN_UNREACHABLE_CODE = YES;
				CLANG_WARN__DUPLICATE_METHOD_MATCH = YES;
				COPY_PHASE_STRIP = NO;
				DEBUG_INFORMATION_FORMAT = "dwarf-with-dsym";
				ENABLE_NS_ASSERTIONS = NO;
				ENABLE_STRICT_OBJC_MSGSEND = YES;
				GCC_C_LANGUAGE_STANDARD = gnu11;
				GCC_NO_COMMON_BLOCKS = YES;
				GCC_WARN_64_TO_32_BIT_CONVERSION = YES;
				GCC_WARN_ABOUT_RETURN_TYPE = YES_ERROR;
				GCC_WARN_UNDECLARED_SELECTOR = YES;
				GCC_WARN_UNINITIALIZED_AUTOS = YES_AGGRESSIVE;
				GCC_WARN_UNUSED_FUNCTION = YES;
				GCC_WARN_UNUSED_VARIABLE = YES;
				IPHONEOS_DEPLOYMENT_TARGET = 16.4;
				MTL_ENABLE_DEBUG_INFO = NO;
				MTL_FAST_MATH = YES;
				SDKROOT = iphoneos;
				SWIFT_COMPILATION_MODE = wholemodule;
				SWIFT_OPTIMIZATION_LEVEL = "-O";
				VALIDATE_PRODUCT = YES;
			};
			name = Release;
		};
		C6827D4F2A175FDF00D36E86 /* Debug */ = {
			isa = XCBuildConfiguration;
			buildSettings = {
				ASSETCATALOG_COMPILER_APPICON_NAME = AppIcon;
				ASSETCATALOG_COMPILER_GLOBAL_ACCENT_COLOR_NAME = AccentColor;
				CODE_SIGN_STYLE = Automatic;
				CURRENT_PROJECT_VERSION = 1;
				DEVELOPMENT_TEAM = 5BMNJQL8DJ;
				GENERATE_INFOPLIST_FILE = YES;
				INFOPLIST_FILE = TVPlayer/Info.plist;
				INFOPLIST_KEY_UIApplicationSupportsIndirectInputEvents = YES;
				INFOPLIST_KEY_UILaunchStoryboardName = LaunchScreen;
				INFOPLIST_KEY_UIMainStoryboardFile = Main;
				INFOPLIST_KEY_UISupportedInterfaceOrientations = "UIInterfaceOrientationLandscapeLeft UIInterfaceOrientationLandscapeRight UIInterfaceOrientationPortrait";
				INFOPLIST_KEY_UISupportedInterfaceOrientations_iPad = UIInterfaceOrientationPortrait;
				IPHONEOS_DEPLOYMENT_TARGET = 12.0;
				LD_RUNPATH_SEARCH_PATHS = (
					"$(inherited)",
					"@executable_path/Frameworks",
				);
				MARKETING_VERSION = 1.0;
				PRODUCT_BUNDLE_IDENTIFIER = am.TVPlayer;
				PRODUCT_NAME = "$(TARGET_NAME)";
				SWIFT_EMIT_LOC_STRINGS = YES;
				SWIFT_VERSION = 5.0;
				TARGETED_DEVICE_FAMILY = "1,2";
			};
			name = Debug;
		};
		C6827D502A175FDF00D36E86 /* Release */ = {
			isa = XCBuildConfiguration;
			buildSettings = {
				ASSETCATALOG_COMPILER_APPICON_NAME = AppIcon;
				ASSETCATALOG_COMPILER_GLOBAL_ACCENT_COLOR_NAME = AccentColor;
				CODE_SIGN_STYLE = Automatic;
				CURRENT_PROJECT_VERSION = 1;
				DEVELOPMENT_TEAM = 5BMNJQL8DJ;
				GENERATE_INFOPLIST_FILE = YES;
				INFOPLIST_FILE = TVPlayer/Info.plist;
				INFOPLIST_KEY_UIApplicationSupportsIndirectInputEvents = YES;
				INFOPLIST_KEY_UILaunchStoryboardName = LaunchScreen;
				INFOPLIST_KEY_UIMainStoryboardFile = Main;
				INFOPLIST_KEY_UISupportedInterfaceOrientations = "UIInterfaceOrientationLandscapeLeft UIInterfaceOrientationLandscapeRight UIInterfaceOrientationPortrait";
				INFOPLIST_KEY_UISupportedInterfaceOrientations_iPad = UIInterfaceOrientationPortrait;
				IPHONEOS_DEPLOYMENT_TARGET = 12.0;
				LD_RUNPATH_SEARCH_PATHS = (
					"$(inherited)",
					"@executable_path/Frameworks",
				);
				MARKETING_VERSION = 1.0;
				PRODUCT_BUNDLE_IDENTIFIER = am.TVPlayer;
				PRODUCT_NAME = "$(TARGET_NAME)";
				SWIFT_EMIT_LOC_STRINGS = YES;
				SWIFT_VERSION = 5.0;
				TARGETED_DEVICE_FAMILY = "1,2";
			};
			name = Release;
		};
/* End XCBuildConfiguration section */

/* Begin XCConfigurationList section */
		C6827D322A175FDE00D36E86 /* Build configuration list for PBXProject "TVPlayer" */ = {
			isa = XCConfigurationList;
			buildConfigurations = (
				C6827D4C2A175FDF00D36E86 /* Debug */,
				C6827D4D2A175FDF00D36E86 /* Release */,
			);
			defaultConfigurationIsVisible = 0;
			defaultConfigurationName = Release;
		};
		C6827D4E2A175FDF00D36E86 /* Build configuration list for PBXNativeTarget "TVPlayer" */ = {
			isa = XCConfigurationList;
			buildConfigurations = (
				C6827D4F2A175FDF00D36E86 /* Debug */,
				C6827D502A175FDF00D36E86 /* Release */,
			);
			defaultConfigurationIsVisible = 0;
			defaultConfigurationName = Release;
		};
/* End XCConfigurationList section */
	};
	rootObject = C6827D2F2A175FDE00D36E86 /* Project object */;
}
